<?xml version="1.0" encoding="utf-8"?>
<Project ToolsVersion="4.0" xmlns="http://schemas.microsoft.com/developer/msbuild/2003">
  <ItemGroup>
    <Filter Include="Source Files">
      <UniqueIdentifier>{4FC737F1-C7A5-4376-A066-2A32D752A2FF}</UniqueIdentifier>
      <Extensions>cpp;c;cc;cxx;def;odl;idl;hpj;bat;asm;asmx</Extensions>
    </Filter>
    <Filter Include="Header Files">
      <UniqueIdentifier>{93995380-89BD-4b04-88EB-625FBE52EBFB}</UniqueIdentifier>
      <Extensions>h;hh;hpp;hxx;hm;inl;inc;ipp;xsd</Extensions>
    </Filter>
    <Filter Include="Resource Files">
      <UniqueIdentifier>{67DA6AB6-F800-4c08-8B7A-83BB121AAD01}</UniqueIdentifier>
      <Extensions>rc;ico;cur;bmp;dlg;rc2;rct;bin;rgs;gif;jpg;jpeg;jpe;resx;tiff;tif;png;wav;mfcribbon-ms</Extensions>
    </Filter>
  </ItemGroup>
  <ItemGroup>
    <ClCompile Include="..\abseil-cpp-master\absl\src\address_is_readable.cc">
      <Filter>Source Files</Filter>
    </ClCompile>
    <ClCompile Include="..\abseil-cpp-master\absl\src\arg.cc">
      <Filter>Source Files</Filter>
    </ClCompile>
    <ClCompile Include="..\abseil-cpp-master\absl\src\ascii.cc">
      <Filter>Source Files</Filter>
    </ClCompile>
    <ClCompile Include="..\abseil-cpp-master\absl\src\bad_any_cast.cc">
      <Filter>Source Files</Filter>
    </ClCompile>
    <ClCompile Include="..\abseil-cpp-master\absl\src\bad_optional_access.cc">
      <Filter>Source Files</Filter>
    </ClCompile>
    <ClCompile Include="..\abseil-cpp-master\absl\src\bad_variant_access.cc">
      <Filter>Source Files</Filter>
    </ClCompile>
    <ClCompile Include="..\abseil-cpp-master\absl\src\barrier.cc">
      <Filter>Source Files</Filter>
    </ClCompile>
    <ClCompile Include="..\abseil-cpp-master\absl\src\bind.cc">
      <Filter>Source Files</Filter>
    </ClCompile>
    <ClCompile Include="..\abseil-cpp-master\absl\src\blocking_counter.cc">
      <Filter>Source Files</Filter>
    </ClCompile>
    <ClCompile Include="..\abseil-cpp-master\absl\src\charconv.cc">
      <Filter>Source Files</Filter>
    </ClCompile>
    <ClCompile Include="..\abseil-cpp-master\absl\src\charconv_bigint.cc">
      <Filter>Source Files</Filter>
    </ClCompile>
    <ClCompile Include="..\abseil-cpp-master\absl\src\charconv_parse.cc">
      <Filter>Source Files</Filter>
    </ClCompile>
    <ClCompile Include="..\abseil-cpp-master\absl\src\chi_square.cc">
      <Filter>Source Files</Filter>
    </ClCompile>
    <ClCompile Include="..\abseil-cpp-master\absl\src\city.cc">
      <Filter>Source Files</Filter>
    </ClCompile>
    <ClCompile Include="..\abseil-cpp-master\absl\src\civil_time.cc">
      <Filter>Source Files</Filter>
    </ClCompile>
    <ClCompile Include="..\abseil-cpp-master\absl\src\clock.cc">
      <Filter>Source Files</Filter>
    </ClCompile>
    <ClCompile Include="..\abseil-cpp-master\absl\src\commandlineflag.cc">
      <Filter>Source Files</Filter>
    </ClCompile>
    <ClCompile Include="..\abseil-cpp-master\absl\src\cord.cc">
      <Filter>Source Files</Filter>
    </ClCompile>
    <ClCompile Include="..\abseil-cpp-master\absl\src\create_thread_identity.cc">
      <Filter>Source Files</Filter>
    </ClCompile>
    <ClCompile Include="..\abseil-cpp-master\absl\src\cycleclock.cc">
      <Filter>Source Files</Filter>
    </ClCompile>
    <ClCompile Include="..\abseil-cpp-master\absl\src\demangle.cc">
      <Filter>Source Files</Filter>
    </ClCompile>
    <ClCompile Include="..\abseil-cpp-master\absl\src\discrete_distribution.cc">
      <Filter>Source Files</Filter>
    </ClCompile>
    <ClCompile Include="..\abseil-cpp-master\absl\src\duration.cc">
      <Filter>Source Files</Filter>
    </ClCompile>
    <ClCompile Include="..\abseil-cpp-master\absl\src\dynamic_annotations.cc">
      <Filter>Source Files</Filter>
    </ClCompile>
    <ClCompile Include="..\abseil-cpp-master\absl\src\elf_mem_image.cc">
      <Filter>Source Files</Filter>
    </ClCompile>
    <ClCompile Include="..\abseil-cpp-master\absl\src\escaping.cc">
      <Filter>Source Files</Filter>
    </ClCompile>
    <ClCompile Include="..\abseil-cpp-master\absl\src\escaping_conversions.cc">
      <Filter>Source Files</Filter>
    </ClCompile>
    <ClCompile Include="..\abseil-cpp-master\absl\src\examine_stack.cc">
      <Filter>Source Files</Filter>
    </ClCompile>
    <ClCompile Include="..\abseil-cpp-master\absl\src\exponential_biased.cc">
      <Filter>Source Files</Filter>
    </ClCompile>
    <ClCompile Include="..\abseil-cpp-master\absl\src\extension.cc">
      <Filter>Source Files</Filter>
    </ClCompile>
    <ClCompile Include="..\abseil-cpp-master\absl\src\failure_signal_handler.cc">
      <Filter>Source Files</Filter>
    </ClCompile>
    <ClCompile Include="..\abseil-cpp-master\absl\src\flag.cc">
      <Filter>Source Files</Filter>
    </ClCompile>
    <ClCompile Include="..\abseil-cpp-master\absl\src\float_conversion.cc">
      <Filter>Source Files</Filter>
    </ClCompile>
    <ClCompile Include="..\abseil-cpp-master\absl\src\format.cc">
      <Filter>Source Files</Filter>
    </ClCompile>
    <ClCompile Include="..\abseil-cpp-master\absl\src\gaussian_distribution.cc">
      <Filter>Source Files</Filter>
    </ClCompile>
    <ClCompile Include="..\abseil-cpp-master\absl\src\gaussian_distribution_gentables.cc">
      <Filter>Source Files</Filter>
    </ClCompile>
    <ClCompile Include="..\abseil-cpp-master\absl\src\graphcycles.cc">
      <Filter>Source Files</Filter>
    </ClCompile>
    <ClCompile Include="..\abseil-cpp-master\absl\src\hash.cc">
      <Filter>Source Files</Filter>
    </ClCompile>
    <ClCompile Include="..\abseil-cpp-master\absl\src\hash_generator_testing.cc">
      <Filter>Source Files</Filter>
    </ClCompile>
    <ClCompile Include="..\abseil-cpp-master\absl\src\hashtablez_sampler.cc">
      <Filter>Source Files</Filter>
    </ClCompile>
    <ClCompile Include="..\abseil-cpp-master\absl\src\hashtablez_sampler_force_weak_definition.cc">
      <Filter>Source Files</Filter>
    </ClCompile>
    <ClCompile Include="..\abseil-cpp-master\absl\src\int128.cc">
      <Filter>Source Files</Filter>
    </ClCompile>
    <ClCompile Include="..\abseil-cpp-master\absl\src\leak_check.cc">
      <Filter>Source Files</Filter>
    </ClCompile>
    <ClCompile Include="..\abseil-cpp-master\absl\src\leak_check_disable.cc">
      <Filter>Source Files</Filter>
    </ClCompile>
    <ClCompile Include="..\abseil-cpp-master\absl\src\log_severity.cc">
      <Filter>Source Files</Filter>
    </ClCompile>
    <ClCompile Include="..\abseil-cpp-master\absl\src\low_level_alloc.cc">
      <Filter>Source Files</Filter>
    </ClCompile>
    <ClCompile Include="..\abseil-cpp-master\absl\src\marshalling.cc">
      <Filter>Source Files</Filter>
    </ClCompile>
    <ClCompile Include="..\abseil-cpp-master\absl\src\match.cc">
      <Filter>Source Files</Filter>
    </ClCompile>
    <ClCompile Include="..\abseil-cpp-master\absl\src\memutil.cc">
      <Filter>Source Files</Filter>
    </ClCompile>
    <ClCompile Include="..\abseil-cpp-master\absl\src\mutex.cc">
      <Filter>Source Files</Filter>
    </ClCompile>
    <ClCompile Include="..\abseil-cpp-master\absl\src\notification.cc">
      <Filter>Source Files</Filter>
    </ClCompile>
    <ClCompile Include="..\abseil-cpp-master\absl\src\numbers.cc">
      <Filter>Source Files</Filter>
    </ClCompile>
    <ClCompile Include="..\abseil-cpp-master\absl\src\ostringstream.cc">
      <Filter>Source Files</Filter>
    </ClCompile>
    <ClCompile Include="..\abseil-cpp-master\absl\src\output.cc">
      <Filter>Source Files</Filter>
    </ClCompile>
    <ClCompile Include="..\abseil-cpp-master\absl\src\parse.cc">
      <Filter>Source Files</Filter>
    </ClCompile>
    <ClCompile Include="..\abseil-cpp-master\absl\src\parser.cc">
      <Filter>Source Files</Filter>
    </ClCompile>
    <ClCompile Include="..\abseil-cpp-master\absl\src\per_thread_sem.cc">
      <Filter>Source Files</Filter>
    </ClCompile>
    <ClCompile Include="..\abseil-cpp-master\absl\src\periodic_sampler.cc">
      <Filter>Source Files</Filter>
    </ClCompile>
    <ClCompile Include="..\abseil-cpp-master\absl\src\pool_urbg.cc">
      <Filter>Source Files</Filter>
    </ClCompile>
    <ClCompile Include="..\abseil-cpp-master\absl\src\pow10_helper.cc">
      <Filter>Source Files</Filter>
    </ClCompile>
    <ClCompile Include="..\abseil-cpp-master\absl\src\print_hash_of.cc">
      <Filter>Source Files</Filter>
    </ClCompile>
    <ClCompile Include="..\abseil-cpp-master\absl\src\private_handle_accessor.cc">
      <Filter>Source Files</Filter>
    </ClCompile>
    <ClCompile Include="..\abseil-cpp-master\absl\src\program_name.cc">
      <Filter>Source Files</Filter>
    </ClCompile>
    <ClCompile Include="..\abseil-cpp-master\absl\src\randen.cc">
      <Filter>Source Files</Filter>
    </ClCompile>
    <ClCompile Include="..\abseil-cpp-master\absl\src\randen_detect.cc">
      <Filter>Source Files</Filter>
    </ClCompile>
    <ClCompile Include="..\abseil-cpp-master\absl\src\randen_hwaes.cc">
      <Filter>Source Files</Filter>
    </ClCompile>
    <ClCompile Include="..\abseil-cpp-master\absl\src\randen_round_keys.cc">
      <Filter>Source Files</Filter>
    </ClCompile>
    <ClCompile Include="..\abseil-cpp-master\absl\src\randen_slow.cc">
      <Filter>Source Files</Filter>
    </ClCompile>
    <ClCompile Include="..\abseil-cpp-master\absl\src\raw_hash_set.cc">
      <Filter>Source Files</Filter>
    </ClCompile>
    <ClCompile Include="..\abseil-cpp-master\absl\src\raw_logging.cc">
      <Filter>Source Files</Filter>
    </ClCompile>
    <ClCompile Include="..\abseil-cpp-master\absl\src\reflection.cc">
      <Filter>Source Files</Filter>
    </ClCompile>
    <ClCompile Include="..\abseil-cpp-master\absl\src\scoped_set_env.cc">
      <Filter>Source Files</Filter>
    </ClCompile>
    <ClCompile Include="..\abseil-cpp-master\absl\src\seed_gen_exception.cc">
      <Filter>Source Files</Filter>
    </ClCompile>
    <ClCompile Include="..\abseil-cpp-master\absl\src\seed_material.cc">
      <Filter>Source Files</Filter>
    </ClCompile>
    <ClCompile Include="..\abseil-cpp-master\absl\src\seed_sequences.cc">
      <Filter>Source Files</Filter>
    </ClCompile>
    <ClCompile Include="..\abseil-cpp-master\absl\src\spinlock.cc">
      <Filter>Source Files</Filter>
    </ClCompile>
    <ClCompile Include="..\abseil-cpp-master\absl\src\spinlock_wait.cc">
      <Filter>Source Files</Filter>
    </ClCompile>
    <ClCompile Include="..\abseil-cpp-master\absl\src\stack_consumption.cc">
      <Filter>Source Files</Filter>
    </ClCompile>
    <ClCompile Include="..\abseil-cpp-master\absl\src\stacktrace.cc">
      <Filter>Source Files</Filter>
    </ClCompile>
    <ClCompile Include="..\abseil-cpp-master\absl\src\status.cc">
      <Filter>Source Files</Filter>
    </ClCompile>
    <ClCompile Include="..\abseil-cpp-master\absl\src\status_payload_printer.cc">
      <Filter>Source Files</Filter>
    </ClCompile>
    <ClCompile Include="..\abseil-cpp-master\absl\src\str_cat.cc">
      <Filter>Source Files</Filter>
    </ClCompile>
    <ClCompile Include="..\abseil-cpp-master\absl\src\str_replace.cc">
      <Filter>Source Files</Filter>
    </ClCompile>
    <ClCompile Include="..\abseil-cpp-master\absl\src\str_split.cc">
      <Filter>Source Files</Filter>
    </ClCompile>
    <ClCompile Include="..\abseil-cpp-master\absl\src\strerror.cc">
      <Filter>Source Files</Filter>
    </ClCompile>
    <ClCompile Include="..\abseil-cpp-master\absl\src\string_view.cc">
      <Filter>Source Files</Filter>
    </ClCompile>
    <ClCompile Include="..\abseil-cpp-master\absl\src\substitute.cc">
      <Filter>Source Files</Filter>
    </ClCompile>
    <ClCompile Include="..\abseil-cpp-master\absl\src\symbolize.cc">
      <Filter>Source Files</Filter>
    </ClCompile>
    <ClCompile Include="..\abseil-cpp-master\absl\src\sysinfo.cc">
      <Filter>Source Files</Filter>
    </ClCompile>
    <ClCompile Include="..\abseil-cpp-master\absl\src\test_instance_tracker.cc">
      <Filter>Source Files</Filter>
    </ClCompile>
    <ClCompile Include="..\abseil-cpp-master\absl\src\thread_identity.cc">
      <Filter>Source Files</Filter>
    </ClCompile>
    <ClCompile Include="..\abseil-cpp-master\absl\src\throw_delegate.cc">
      <Filter>Source Files</Filter>
    </ClCompile>
    <ClCompile Include="..\abseil-cpp-master\absl\src\time.cc">
      <Filter>Source Files</Filter>
    </ClCompile>
    <ClCompile Include="..\abseil-cpp-master\absl\src\unscaledcycleclock.cc">
      <Filter>Source Files</Filter>
    </ClCompile>
    <ClCompile Include="..\abseil-cpp-master\absl\src\usage.cc">
      <Filter>Source Files</Filter>
    </ClCompile>
    <ClCompile Include="..\abseil-cpp-master\absl\src\usage_config.cc">
      <Filter>Source Files</Filter>
    </ClCompile>
    <ClCompile Include="..\abseil-cpp-master\absl\src\utf8.cc">
      <Filter>Source Files</Filter>
    </ClCompile>
    <ClCompile Include="..\abseil-cpp-master\absl\src\vdso_support.cc">
      <Filter>Source Files</Filter>
    </ClCompile>
    <ClCompile Include="..\abseil-cpp-master\absl\src\waiter.cc">
      <Filter>Source Files</Filter>
    </ClCompile>
    <ClCompile Include="..\abseil-cpp-master\absl\src2\commandlineflag.cc">
      <Filter>Source Files</Filter>
    </ClCompile>
    <ClCompile Include="..\abseil-cpp-master\absl\src2\flag.cc">
      <Filter>Source Files</Filter>
    </ClCompile>
    <ClCompile Include="..\abseil-cpp-master\absl\src2\usage.cc">
      <Filter>Source Files</Filter>
    </ClCompile>
    <ClCompile Include="..\abseil-cpp-master\absl\time\internal\cctz\src\civil_time_detail.cc">
      <Filter>Source Files</Filter>
    </ClCompile>
    <ClCompile Include="..\abseil-cpp-master\absl\time\internal\cctz\src\time_zone_fixed.cc">
      <Filter>Source Files</Filter>
    </ClCompile>
    <ClCompile Include="..\abseil-cpp-master\absl\time\internal\cctz\src\time_zone_format.cc">
      <Filter>Source Files</Filter>
    </ClCompile>
    <ClCompile Include="..\abseil-cpp-master\absl\time\internal\cctz\src\time_zone_if.cc">
      <Filter>Source Files</Filter>
    </ClCompile>
    <ClCompile Include="..\abseil-cpp-master\absl\time\internal\cctz\src\time_zone_impl.cc">
      <Filter>Source Files</Filter>
    </ClCompile>
    <ClCompile Include="..\abseil-cpp-master\absl\time\internal\cctz\src\time_zone_info.cc">
      <Filter>Source Files</Filter>
    </ClCompile>
    <ClCompile Include="..\abseil-cpp-master\absl\time\internal\cctz\src\time_zone_libc.cc">
      <Filter>Source Files</Filter>
    </ClCompile>
    <ClCompile Include="..\abseil-cpp-master\absl\time\internal\cctz\src\time_zone_lookup.cc">
      <Filter>Source Files</Filter>
    </ClCompile>
    <ClCompile Include="..\abseil-cpp-master\absl\time\internal\cctz\src\time_zone_posix.cc">
      <Filter>Source Files</Filter>
    </ClCompile>
    <ClCompile Include="..\abseil-cpp-master\absl\time\internal\cctz\src\zone_info_source.cc">
      <Filter>Source Files</Filter>
    </ClCompile>
  </ItemGroup>
</Project>